
Microsoft Visual Studio Solution File, Format Version 12.00
# Visual Studio Version 17
VisualStudioVersion = 17.0.32014.148
MinimumVisualStudioVersion = 10.0.40219.1
Project("{9A19103F-16F7-4668-BE54-9A1E7A4F7556}") = "ConsoleOrderSistem", "..\ConsoleOrderSistem\ConsoleOrderSistem\ConsoleOrderSistem.csproj", "{B11E41AF-E425-4E89-829F-7A6FE6258D0F}"
EndProject
Project("{9A19103F-16F7-4668-BE54-9A1E7A4F7556}") = "Inheritance5", "Inheritance5\Inheritance5.csproj", "{806B58FA-D3E4-4E04-95FC-8B6C5AD17410}"
EndProject
Project("{FAE04EC0-301F-11D3-BF4B-00C04F79EFBC}") = "AbstractMethods", "AbstractMethods\AbstractMethods.csproj", "{EE6CE480-961D-44CE-A673-71FB18F6DD96}"
EndProject
Global
	GlobalSection(SolutionConfigurationPlatforms) = preSolution
		Debug|Any CPU = Debug|Any CPU
		Release|Any CPU = Release|Any CPU
	EndGlobalSection
	GlobalSection(ProjectConfigurationPlatforms) = postSolution
		{B11E41AF-E425-4E89-829F-7A6FE6258D0F}.Debug|Any CPU.ActiveCfg = Debug|Any CPU
		{B11E41AF-E425-4E89-829F-7A6FE6258D0F}.Debug|Any CPU.Build.0 = Debug|Any CPU
		{B11E41AF-E425-4E89-829F-7A6FE6258D0F}.Release|Any CPU.ActiveCfg = Release|Any CPU
		{B11E41AF-E425-4E89-829F-7A6FE6258D0F}.Release|Any CPU.Build.0 = Release|Any CPU
		{806B58FA-D3E4-4E04-95FC-8B6C5AD17410}.Debug|Any CPU.ActiveCfg = Debug|Any CPU
		{806B58FA-D3E4-4E04-95FC-8B6C5AD17410}.Debug|Any CPU.Build.0 = Debug|Any CPU
		{806B58FA-D3E4-4E04-95FC-8B6C5AD17410}.Release|Any CPU.ActiveCfg = Release|Any CPU
		{806B58FA-D3E4-4E04-95FC-8B6C5AD17410}.Release|Any CPU.Build.0 = Release|Any CPU
		{EE6CE480-961D-44CE-A673-71FB18F6DD96}.Debug|Any CPU.ActiveCfg = Debug|Any CPU
		{EE6CE480-961D-44CE-A673-71FB18F6DD96}.Debug|Any CPU.Build.0 = Debug|Any CPU
		{EE6CE480-961D-44CE-A673-71FB18F6DD96}.Release|Any CPU.ActiveCfg = Release|Any CPU
		{EE6CE480-961D-44CE-A673-71FB18F6DD96}.Release|Any CPU.Build.0 = Release|Any CPU
	EndGlobalSection
	GlobalSection(SolutionProperties) = preSolution
		HideSolutionNode = FALSE
	EndGlobalSection
	GlobalSection(ExtensibilityGlobals) = postSolution
		SolutionGuid = {66370BDF-5628-4741-81AA-70DE97440E19}
	EndGlobalSection
EndGlobal
