
Microsoft Visual Studio Solution File, Format Version 12.00
# Visual Studio Version 17
VisualStudioVersion = 17.0.32014.148
MinimumVisualStudioVersion = 10.0.40219.1
Project("{9A19103F-16F7-4668-BE54-9A1E7A4F7556}") = "AbstractMethods", "AbstractMethods\AbstractMethods.csproj", "{EE6CE480-961D-44CE-A673-71FB18F6DD96}"
EndProject
Project("{9A19103F-16F7-4668-BE54-9A1E7A4F7556}") = "InheritanceAndPolymorphism", "InheritanceAndPolymorphism\InheritanceAndPolymorphism.csproj", "{D2F0A120-9BBC-4F53-B8ED-A9852176F805}"
EndProject
Project("{FAE04EC0-301F-11D3-BF4B-00C04F79EFBC}") = "ExSets", "ExSets\ExSets.csproj", "{0BDC903D-EFD7-48CB-94CE-D1088E87E0E0}"
EndProject
Global
	GlobalSection(SolutionConfigurationPlatforms) = preSolution
		Debug|Any CPU = Debug|Any CPU
		Release|Any CPU = Release|Any CPU
	EndGlobalSection
	GlobalSection(ProjectConfigurationPlatforms) = postSolution
		{EE6CE480-961D-44CE-A673-71FB18F6DD96}.Debug|Any CPU.ActiveCfg = Debug|Any CPU
		{EE6CE480-961D-44CE-A673-71FB18F6DD96}.Debug|Any CPU.Build.0 = Debug|Any CPU
		{EE6CE480-961D-44CE-A673-71FB18F6DD96}.Release|Any CPU.ActiveCfg = Release|Any CPU
		{EE6CE480-961D-44CE-A673-71FB18F6DD96}.Release|Any CPU.Build.0 = Release|Any CPU
		{D2F0A120-9BBC-4F53-B8ED-A9852176F805}.Debug|Any CPU.ActiveCfg = Debug|Any CPU
		{D2F0A120-9BBC-4F53-B8ED-A9852176F805}.Debug|Any CPU.Build.0 = Debug|Any CPU
		{D2F0A120-9BBC-4F53-B8ED-A9852176F805}.Release|Any CPU.ActiveCfg = Release|Any CPU
		{D2F0A120-9BBC-4F53-B8ED-A9852176F805}.Release|Any CPU.Build.0 = Release|Any CPU
		{0BDC903D-EFD7-48CB-94CE-D1088E87E0E0}.Debug|Any CPU.ActiveCfg = Debug|Any CPU
		{0BDC903D-EFD7-48CB-94CE-D1088E87E0E0}.Debug|Any CPU.Build.0 = Debug|Any CPU
		{0BDC903D-EFD7-48CB-94CE-D1088E87E0E0}.Release|Any CPU.ActiveCfg = Release|Any CPU
		{0BDC903D-EFD7-48CB-94CE-D1088E87E0E0}.Release|Any CPU.Build.0 = Release|Any CPU
	EndGlobalSection
	GlobalSection(SolutionProperties) = preSolution
		HideSolutionNode = FALSE
	EndGlobalSection
	GlobalSection(ExtensibilityGlobals) = postSolution
		SolutionGuid = {66370BDF-5628-4741-81AA-70DE97440E19}
	EndGlobalSection
EndGlobal
